
Microsoft Visual Studio Solution File, Format Version 12.00
# Visual Studio Version 17
VisualStudioVersion = 17.8.34525.116
MinimumVisualStudioVersion = 10.0.40219.1
Project("{FAE04EC0-301F-11D3-BF4B-00C04F79EFBC}") = "Atletica_Manager_Pro", "Atletica_Manager_Pro\Atletica_Manager_Pro.csproj", "{8D8D2D19-EA90-4FFA-8B2E-42EF70550ADE}"
EndProject
Global
	GlobalSection(SolutionConfigurationPlatforms) = preSolution
		Debug|Any CPU = Debug|Any CPU
		Release|Any CPU = Release|Any CPU
	EndGlobalSection
	GlobalSection(ProjectConfigurationPlatforms) = postSolution
		{8D8D2D19-EA90-4FFA-8B2E-42EF70550ADE}.Debug|Any CPU.ActiveCfg = Debug|Any CPU
		{8D8D2D19-EA90-4FFA-8B2E-42EF70550ADE}.Debug|Any CPU.Build.0 = Debug|Any CPU
		{8D8D2D19-EA90-4FFA-8B2E-42EF70550ADE}.Release|Any CPU.ActiveCfg = Release|Any CPU
		{8D8D2D19-EA90-4FFA-8B2E-42EF70550ADE}.Release|Any CPU.Build.0 = Release|Any CPU
	EndGlobalSection
	GlobalSection(SolutionProperties) = preSolution
		HideSolutionNode = FALSE
	EndGlobalSection
	GlobalSection(ExtensibilityGlobals) = postSolution
		SolutionGuid = {5D277431-5C35-448D-B932-EF9E48603B53}
	EndGlobalSection
EndGlobal
