
Microsoft Visual Studio Solution File, Format Version 12.00
# Visual Studio Version 17
VisualStudioVersion = 17.8.34525.116
MinimumVisualStudioVersion = 10.0.40219.1
Project("{FAE04EC0-301F-11D3-BF4B-00C04F79EFBC}") = "Atletica.Domain", "Atletica.Domain\Atletica.Domain.csproj", "{5FE3E321-4CBD-416F-8D5A-0DEE92C871F6}"
EndProject
Project("{FAE04EC0-301F-11D3-BF4B-00C04F79EFBC}") = "Atletica.Presentation", "Atletica.Presentation\Atletica.Presentation.csproj", "{292F1FFB-33F1-422B-8C35-D8223A9D6BA7}"
EndProject
Project("{FAE04EC0-301F-11D3-BF4B-00C04F79EFBC}") = "Atletica.Application", "Atletica.Application\Atletica.Application.csproj", "{381EE206-A20D-465F-AFDF-B5B22198BEC3}"
EndProject
Project("{FAE04EC0-301F-11D3-BF4B-00C04F79EFBC}") = "Atletica.Infrastructure", "Atletica.Infrastructure\Atletica.Infrastructure.csproj", "{ADF18850-54E0-49A4-8642-29F33285B32B}"
EndProject
Global
	GlobalSection(SolutionConfigurationPlatforms) = preSolution
		Debug|Any CPU = Debug|Any CPU
		Release|Any CPU = Release|Any CPU
	EndGlobalSection
	GlobalSection(ProjectConfigurationPlatforms) = postSolution
		{5FE3E321-4CBD-416F-8D5A-0DEE92C871F6}.Debug|Any CPU.ActiveCfg = Debug|Any CPU
		{5FE3E321-4CBD-416F-8D5A-0DEE92C871F6}.Debug|Any CPU.Build.0 = Debug|Any CPU
		{5FE3E321-4CBD-416F-8D5A-0DEE92C871F6}.Release|Any CPU.ActiveCfg = Release|Any CPU
		{5FE3E321-4CBD-416F-8D5A-0DEE92C871F6}.Release|Any CPU.Build.0 = Release|Any CPU
		{292F1FFB-33F1-422B-8C35-D8223A9D6BA7}.Debug|Any CPU.ActiveCfg = Debug|Any CPU
		{292F1FFB-33F1-422B-8C35-D8223A9D6BA7}.Debug|Any CPU.Build.0 = Debug|Any CPU
		{292F1FFB-33F1-422B-8C35-D8223A9D6BA7}.Release|Any CPU.ActiveCfg = Release|Any CPU
		{292F1FFB-33F1-422B-8C35-D8223A9D6BA7}.Release|Any CPU.Build.0 = Release|Any CPU
		{381EE206-A20D-465F-AFDF-B5B22198BEC3}.Debug|Any CPU.ActiveCfg = Debug|Any CPU
		{381EE206-A20D-465F-AFDF-B5B22198BEC3}.Debug|Any CPU.Build.0 = Debug|Any CPU
		{381EE206-A20D-465F-AFDF-B5B22198BEC3}.Release|Any CPU.ActiveCfg = Release|Any CPU
		{381EE206-A20D-465F-AFDF-B5B22198BEC3}.Release|Any CPU.Build.0 = Release|Any CPU
		{ADF18850-54E0-49A4-8642-29F33285B32B}.Debug|Any CPU.ActiveCfg = Debug|Any CPU
		{ADF18850-54E0-49A4-8642-29F33285B32B}.Debug|Any CPU.Build.0 = Debug|Any CPU
		{ADF18850-54E0-49A4-8642-29F33285B32B}.Release|Any CPU.ActiveCfg = Release|Any CPU
		{ADF18850-54E0-49A4-8642-29F33285B32B}.Release|Any CPU.Build.0 = Release|Any CPU
	EndGlobalSection
	GlobalSection(SolutionProperties) = preSolution
		HideSolutionNode = FALSE
	EndGlobalSection
	GlobalSection(ExtensibilityGlobals) = postSolution
		SolutionGuid = {5D277431-5C35-448D-B932-EF9E48603B53}
	EndGlobalSection
EndGlobal
